
Microsoft Visual Studio Solution File, Format Version 12.00
# Visual Studio Version 17
VisualStudioVersion = 17.0.31903.59
MinimumVisualStudioVersion = 10.0.40219.1
Project("{2150E333-8FDC-42A3-9474-1A3956D46DE8}") = "src", "src", "{649BC1A6-DDDA-49A0-991E-D811DACECB56}"
EndProject
Project("{FAE04EC0-301F-11D3-BF4B-00C04F79EFBC}") = "EcoStore.BLL", "src\EcoStore.BLL\EcoStore.BLL.csproj", "{2FFD9BAA-B23B-479B-B99F-55DC569905C6}"
EndProject
Project("{FAE04EC0-301F-11D3-BF4B-00C04F79EFBC}") = "EcoStore.DAL", "src\EcoStore.DAL\EcoStore.DAL.csproj", "{983D16C6-8AF4-490C-B8BE-227BE8578155}"
EndProject
Project("{FAE04EC0-301F-11D3-BF4B-00C04F79EFBC}") = "EcoStore.Presentation", "src\EcoStore.Presentation\EcoStore.Presentation.csproj", "{C30E46F7-E46F-4DB6-9815-DC0C2000C3AE}"
EndProject
Global
	GlobalSection(SolutionProperties) = preSolution
		HideSolutionNode = FALSE
	EndGlobalSection
	GlobalSection(SolutionConfigurationPlatforms) = preSolution
		Debug|Any CPU = Debug|Any CPU
		Debug|x64 = Debug|x64
		Debug|x86 = Debug|x86
		Release|Any CPU = Release|Any CPU
		Release|x64 = Release|x64
		Release|x86 = Release|x86
	EndGlobalSection
	GlobalSection(ProjectConfigurationPlatforms) = postSolution
		{2FFD9BAA-B23B-479B-B99F-55DC569905C6}.Debug|Any CPU.ActiveCfg = Debug|Any CPU
		{2FFD9BAA-B23B-479B-B99F-55DC569905C6}.Debug|Any CPU.Build.0 = Debug|Any CPU
		{2FFD9BAA-B23B-479B-B99F-55DC569905C6}.Debug|x64.ActiveCfg = Debug|Any CPU
		{2FFD9BAA-B23B-479B-B99F-55DC569905C6}.Debug|x64.Build.0 = Debug|Any CPU
		{2FFD9BAA-B23B-479B-B99F-55DC569905C6}.Debug|x86.ActiveCfg = Debug|Any CPU
		{2FFD9BAA-B23B-479B-B99F-55DC569905C6}.Debug|x86.Build.0 = Debug|Any CPU
		{2FFD9BAA-B23B-479B-B99F-55DC569905C6}.Release|Any CPU.ActiveCfg = Release|Any CPU
		{2FFD9BAA-B23B-479B-B99F-55DC569905C6}.Release|Any CPU.Build.0 = Release|Any CPU
		{2FFD9BAA-B23B-479B-B99F-55DC569905C6}.Release|x64.ActiveCfg = Release|Any CPU
		{2FFD9BAA-B23B-479B-B99F-55DC569905C6}.Release|x64.Build.0 = Release|Any CPU
		{2FFD9BAA-B23B-479B-B99F-55DC569905C6}.Release|x86.ActiveCfg = Release|Any CPU
		{2FFD9BAA-B23B-479B-B99F-55DC569905C6}.Release|x86.Build.0 = Release|Any CPU
		{983D16C6-8AF4-490C-B8BE-227BE8578155}.Debug|Any CPU.ActiveCfg = Debug|Any CPU
		{983D16C6-8AF4-490C-B8BE-227BE8578155}.Debug|Any CPU.Build.0 = Debug|Any CPU
		{983D16C6-8AF4-490C-B8BE-227BE8578155}.Debug|x64.ActiveCfg = Debug|Any CPU
		{983D16C6-8AF4-490C-B8BE-227BE8578155}.Debug|x64.Build.0 = Debug|Any CPU
		{983D16C6-8AF4-490C-B8BE-227BE8578155}.Debug|x86.ActiveCfg = Debug|Any CPU
		{983D16C6-8AF4-490C-B8BE-227BE8578155}.Debug|x86.Build.0 = Debug|Any CPU
		{983D16C6-8AF4-490C-B8BE-227BE8578155}.Release|Any CPU.ActiveCfg = Release|Any CPU
		{983D16C6-8AF4-490C-B8BE-227BE8578155}.Release|Any CPU.Build.0 = Release|Any CPU
		{983D16C6-8AF4-490C-B8BE-227BE8578155}.Release|x64.ActiveCfg = Release|Any CPU
		{983D16C6-8AF4-490C-B8BE-227BE8578155}.Release|x64.Build.0 = Release|Any CPU
		{983D16C6-8AF4-490C-B8BE-227BE8578155}.Release|x86.ActiveCfg = Release|Any CPU
		{983D16C6-8AF4-490C-B8BE-227BE8578155}.Release|x86.Build.0 = Release|Any CPU
		{C30E46F7-E46F-4DB6-9815-DC0C2000C3AE}.Debug|Any CPU.ActiveCfg = Debug|Any CPU
		{C30E46F7-E46F-4DB6-9815-DC0C2000C3AE}.Debug|Any CPU.Build.0 = Debug|Any CPU
		{C30E46F7-E46F-4DB6-9815-DC0C2000C3AE}.Debug|x64.ActiveCfg = Debug|Any CPU
		{C30E46F7-E46F-4DB6-9815-DC0C2000C3AE}.Debug|x64.Build.0 = Debug|Any CPU
		{C30E46F7-E46F-4DB6-9815-DC0C2000C3AE}.Debug|x86.ActiveCfg = Debug|Any CPU
		{C30E46F7-E46F-4DB6-9815-DC0C2000C3AE}.Debug|x86.Build.0 = Debug|Any CPU
		{C30E46F7-E46F-4DB6-9815-DC0C2000C3AE}.Release|Any CPU.ActiveCfg = Release|Any CPU
		{C30E46F7-E46F-4DB6-9815-DC0C2000C3AE}.Release|Any CPU.Build.0 = Release|Any CPU
		{C30E46F7-E46F-4DB6-9815-DC0C2000C3AE}.Release|x64.ActiveCfg = Release|Any CPU
		{C30E46F7-E46F-4DB6-9815-DC0C2000C3AE}.Release|x64.Build.0 = Release|Any CPU
		{C30E46F7-E46F-4DB6-9815-DC0C2000C3AE}.Release|x86.ActiveCfg = Release|Any CPU
		{C30E46F7-E46F-4DB6-9815-DC0C2000C3AE}.Release|x86.Build.0 = Release|Any CPU
	EndGlobalSection
	GlobalSection(NestedProjects) = preSolution
		{2FFD9BAA-B23B-479B-B99F-55DC569905C6} = {649BC1A6-DDDA-49A0-991E-D811DACECB56}
		{983D16C6-8AF4-490C-B8BE-227BE8578155} = {649BC1A6-DDDA-49A0-991E-D811DACECB56}
		{C30E46F7-E46F-4DB6-9815-DC0C2000C3AE} = {649BC1A6-DDDA-49A0-991E-D811DACECB56}
	EndGlobalSection
EndGlobal
